
Microsoft Visual Studio Solution File, Format Version 12.00
# Visual Studio Version 16
VisualStudioVersion = 16.0.31702.278
MinimumVisualStudioVersion = 10.0.40219.1
Project("{FAE04EC0-301F-11D3-BF4B-00C04F79EFBC}") = "Exo-Sac-a-dos", "Exo-Sac-a-dos\Exo-Sac-a-dos.csproj", "{5EFBE650-108F-4568-9D11-EE86B4E35E63}"
EndProject
Global
	GlobalSection(SolutionConfigurationPlatforms) = preSolution
		Debug|Any CPU = Debug|Any CPU
		Release|Any CPU = Release|Any CPU
	EndGlobalSection
	GlobalSection(ProjectConfigurationPlatforms) = postSolution
		{5EFBE650-108F-4568-9D11-EE86B4E35E63}.Debug|Any CPU.ActiveCfg = Debug|Any CPU
		{5EFBE650-108F-4568-9D11-EE86B4E35E63}.Debug|Any CPU.Build.0 = Debug|Any CPU
		{5EFBE650-108F-4568-9D11-EE86B4E35E63}.Release|Any CPU.ActiveCfg = Release|Any CPU
		{5EFBE650-108F-4568-9D11-EE86B4E35E63}.Release|Any CPU.Build.0 = Release|Any CPU
	EndGlobalSection
	GlobalSection(SolutionProperties) = preSolution
		HideSolutionNode = FALSE
	EndGlobalSection
	GlobalSection(ExtensibilityGlobals) = postSolution
		SolutionGuid = {2EB82DE6-75A0-4488-BF9C-90E52D638F41}
	EndGlobalSection
EndGlobal
